
Microsoft Visual Studio Solution File, Format Version 12.00
# Visual Studio 15
VisualStudioVersion = 15.0.27428.1
MinimumVisualStudioVersion = 10.0.40219.1
Project("{FAE04EC0-301F-11D3-BF4B-00C04F79EFBC}") = "Entidades", "Entidades\Entidades.csproj", "{1327A3A3-B91A-447C-BBEF-301A40321BD4}"
EndProject
Project("{FAE04EC0-301F-11D3-BF4B-00C04F79EFBC}") = "miCalculadora", "miCalculadora\miCalculadora.csproj", "{A99F6C83-030C-4470-BC3C-973441C28CB3}"
EndProject
Global
	GlobalSection(SolutionConfigurationPlatforms) = preSolution
		Debug|Any CPU = Debug|Any CPU
		Release|Any CPU = Release|Any CPU
	EndGlobalSection
	GlobalSection(ProjectConfigurationPlatforms) = postSolution
		{1327A3A3-B91A-447C-BBEF-301A40321BD4}.Debug|Any CPU.ActiveCfg = Debug|Any CPU
		{1327A3A3-B91A-447C-BBEF-301A40321BD4}.Debug|Any CPU.Build.0 = Debug|Any CPU
		{1327A3A3-B91A-447C-BBEF-301A40321BD4}.Release|Any CPU.ActiveCfg = Release|Any CPU
		{1327A3A3-B91A-447C-BBEF-301A40321BD4}.Release|Any CPU.Build.0 = Release|Any CPU
		{A99F6C83-030C-4470-BC3C-973441C28CB3}.Debug|Any CPU.ActiveCfg = Debug|Any CPU
		{A99F6C83-030C-4470-BC3C-973441C28CB3}.Debug|Any CPU.Build.0 = Debug|Any CPU
		{A99F6C83-030C-4470-BC3C-973441C28CB3}.Release|Any CPU.ActiveCfg = Release|Any CPU
		{A99F6C83-030C-4470-BC3C-973441C28CB3}.Release|Any CPU.Build.0 = Release|Any CPU
	EndGlobalSection
	GlobalSection(SolutionProperties) = preSolution
		HideSolutionNode = FALSE
	EndGlobalSection
	GlobalSection(ExtensibilityGlobals) = postSolution
		SolutionGuid = {14124FF5-C5F6-478B-99B6-6309F5032881}
	EndGlobalSection
EndGlobal
